
Microsoft Visual Studio Solution File, Format Version 12.00
# Visual Studio Version 16
VisualStudioVersion = 16.0.31313.79
MinimumVisualStudioVersion = 10.0.40219.1
Project("{FAE04EC0-301F-11D3-BF4B-00C04F79EFBC}") = "OnlinePE", "OnlinePE\OnlinePE.csproj", "{EC8FF49F-C720-4BBB-99BC-83E59F5CCED5}"
EndProject
Global
	GlobalSection(SolutionConfigurationPlatforms) = preSolution
		Debug|Any CPU = Debug|Any CPU
		Release|Any CPU = Release|Any CPU
	EndGlobalSection
	GlobalSection(ProjectConfigurationPlatforms) = postSolution
		{EC8FF49F-C720-4BBB-99BC-83E59F5CCED5}.Debug|Any CPU.ActiveCfg = Debug|Any CPU
		{EC8FF49F-C720-4BBB-99BC-83E59F5CCED5}.Debug|Any CPU.Build.0 = Debug|Any CPU
		{EC8FF49F-C720-4BBB-99BC-83E59F5CCED5}.Release|Any CPU.ActiveCfg = Release|Any CPU
		{EC8FF49F-C720-4BBB-99BC-83E59F5CCED5}.Release|Any CPU.Build.0 = Release|Any CPU
	EndGlobalSection
	GlobalSection(SolutionProperties) = preSolution
		HideSolutionNode = FALSE
	EndGlobalSection
	GlobalSection(ExtensibilityGlobals) = postSolution
		SolutionGuid = {52E9A37A-4D86-48E7-9EB4-4F196CFA5557}
	EndGlobalSection
EndGlobal
